
Microsoft Visual Studio Solution File, Format Version 12.00
# Visual Studio Version 17
VisualStudioVersion = 17.3.32929.385
MinimumVisualStudioVersion = 10.0.40219.1
Project("{FAE04EC0-301F-11D3-BF4B-00C04F79EFBC}") = "ReFood.Domain", "ReFood.Domain\ReFood.Domain.csproj", "{021FAB3E-6CE8-4C8C-B302-59112DB5412F}"
EndProject
Project("{FAE04EC0-301F-11D3-BF4B-00C04F79EFBC}") = "ReFood.Application", "ReFood.Application\ReFood.Application.csproj", "{B0413358-EC8A-4043-8828-2C9E4F3E98F0}"
EndProject
Project("{FAE04EC0-301F-11D3-BF4B-00C04F79EFBC}") = "ReFood.Infrastructure", "ReFood.Infrastructure\ReFood.Infrastructure.csproj", "{764BBEE6-5BE2-4193-B158-721CB5EB3D7B}"
EndProject
Project("{FAE04EC0-301F-11D3-BF4B-00C04F79EFBC}") = "ReFood.CrossCutting", "ReFood.CrossCutting\ReFood.CrossCutting.csproj", "{BD9DA3A1-3B5E-4882-B650-A3CB642DB540}"
EndProject
Project("{FAE04EC0-301F-11D3-BF4B-00C04F79EFBC}") = "ReFood.WebAPI", "ReFood.WebAPI\ReFood.WebAPI.csproj", "{BA8CACC0-620F-4A40-B0F2-725A96BCC2D3}"
EndProject
Global
	GlobalSection(SolutionConfigurationPlatforms) = preSolution
		Debug|Any CPU = Debug|Any CPU
		Release|Any CPU = Release|Any CPU
	EndGlobalSection
	GlobalSection(ProjectConfigurationPlatforms) = postSolution
		{021FAB3E-6CE8-4C8C-B302-59112DB5412F}.Debug|Any CPU.ActiveCfg = Debug|Any CPU
		{021FAB3E-6CE8-4C8C-B302-59112DB5412F}.Debug|Any CPU.Build.0 = Debug|Any CPU
		{021FAB3E-6CE8-4C8C-B302-59112DB5412F}.Release|Any CPU.ActiveCfg = Release|Any CPU
		{021FAB3E-6CE8-4C8C-B302-59112DB5412F}.Release|Any CPU.Build.0 = Release|Any CPU
		{B0413358-EC8A-4043-8828-2C9E4F3E98F0}.Debug|Any CPU.ActiveCfg = Debug|Any CPU
		{B0413358-EC8A-4043-8828-2C9E4F3E98F0}.Debug|Any CPU.Build.0 = Debug|Any CPU
		{B0413358-EC8A-4043-8828-2C9E4F3E98F0}.Release|Any CPU.ActiveCfg = Release|Any CPU
		{B0413358-EC8A-4043-8828-2C9E4F3E98F0}.Release|Any CPU.Build.0 = Release|Any CPU
		{764BBEE6-5BE2-4193-B158-721CB5EB3D7B}.Debug|Any CPU.ActiveCfg = Debug|Any CPU
		{764BBEE6-5BE2-4193-B158-721CB5EB3D7B}.Debug|Any CPU.Build.0 = Debug|Any CPU
		{764BBEE6-5BE2-4193-B158-721CB5EB3D7B}.Release|Any CPU.ActiveCfg = Release|Any CPU
		{764BBEE6-5BE2-4193-B158-721CB5EB3D7B}.Release|Any CPU.Build.0 = Release|Any CPU
		{BD9DA3A1-3B5E-4882-B650-A3CB642DB540}.Debug|Any CPU.ActiveCfg = Debug|Any CPU
		{BD9DA3A1-3B5E-4882-B650-A3CB642DB540}.Debug|Any CPU.Build.0 = Debug|Any CPU
		{BD9DA3A1-3B5E-4882-B650-A3CB642DB540}.Release|Any CPU.ActiveCfg = Release|Any CPU
		{BD9DA3A1-3B5E-4882-B650-A3CB642DB540}.Release|Any CPU.Build.0 = Release|Any CPU
		{BA8CACC0-620F-4A40-B0F2-725A96BCC2D3}.Debug|Any CPU.ActiveCfg = Debug|Any CPU
		{BA8CACC0-620F-4A40-B0F2-725A96BCC2D3}.Debug|Any CPU.Build.0 = Debug|Any CPU
		{BA8CACC0-620F-4A40-B0F2-725A96BCC2D3}.Release|Any CPU.ActiveCfg = Release|Any CPU
		{BA8CACC0-620F-4A40-B0F2-725A96BCC2D3}.Release|Any CPU.Build.0 = Release|Any CPU
	EndGlobalSection
	GlobalSection(SolutionProperties) = preSolution
		HideSolutionNode = FALSE
	EndGlobalSection
	GlobalSection(ExtensibilityGlobals) = postSolution
		SolutionGuid = {14648BFD-DF2E-4909-83CA-3C7AC8F638D2}
	EndGlobalSection
EndGlobal
